# This file is automatically @generated by Poetry and should not be changed by hand.

[[package]]
name = "ansiwrap"
version = "0.8.4"
description = "textwrap, but savvy to ANSI colors and styles"
category = "main"
optional = false
python-versions = "*"
files = [
    {file = "ansiwrap-0.8.4-py2.py3-none-any.whl", hash = "sha256:7b053567c88e1ad9eed030d3ac41b722125e4c1271c8a99ade797faff1f49fb1"},
    {file = "ansiwrap-0.8.4.zip", hash = "sha256:ca0c740734cde59bf919f8ff2c386f74f9a369818cdc60efe94893d01ea8d9b7"},
]

[package.dependencies]
textwrap3 = ">=0.9.2"

[[package]]
name = "console-menu"
version = "0.7.1"
description = "A simple console menu system"
category = "main"
optional = false
python-versions = "*"
files = [
    {file = "console-menu-0.7.1.tar.gz", hash = "sha256:0380e542dcf5f6fb41fb036622e481f9a36cc2f7fb87db12fcff2fe9b9e8c9d3"},
    {file = "console_menu-0.7.1-py2.py3-none-any.whl", hash = "sha256:c0c3261a83a58c6b49f94ab987c738fa95742ae374bad9fbddc7077161d6ada1"},
]

[package.dependencies]
ansiwrap = "*"
six = "*"

[[package]]
name = "prompt-toolkit"
version = "3.0.37"
description = "Library for building powerful interactive command lines in Python"
category = "main"
optional = false
python-versions = ">=3.7.0"
files = [
    {file = "prompt_toolkit-3.0.37-py3-none-any.whl", hash = "sha256:6a2948ec427dfcc7c983027b1044b355db6aaa8be374f54ad2015471f7d81c5b"},
    {file = "prompt_toolkit-3.0.37.tar.gz", hash = "sha256:d5d73d4b5eb1a92ba884a88962b157f49b71e06c4348b417dd622b25cdd3800b"},
]

[package.dependencies]
wcwidth = "*"

[[package]]
name = "six"
version = "1.16.0"
description = "Python 2 and 3 compatibility utilities"
category = "main"
optional = false
python-versions = ">=2.7, !=3.0.*, !=3.1.*, !=3.2.*"
files = [
    {file = "six-1.16.0-py2.py3-none-any.whl", hash = "sha256:8abb2f1d86890a2dfb989f9a77cfcfd3e47c2a354b01111771326f8aa26e0254"},
    {file = "six-1.16.0.tar.gz", hash = "sha256:1e61c37477a1626458e36f7b1d82aa5c9b094fa4802892072e49de9c60c4c926"},
]

[[package]]
name = "textwrap3"
version = "0.9.2"
description = "textwrap from Python 3.6 backport (plus a few tweaks)"
category = "main"
optional = false
python-versions = "*"
files = [
    {file = "textwrap3-0.9.2-py2.py3-none-any.whl", hash = "sha256:bf5f4c40faf2a9ff00a9e0791fed5da7415481054cef45bb4a3cfb1f69044ae0"},
    {file = "textwrap3-0.9.2.zip", hash = "sha256:5008eeebdb236f6303dcd68f18b856d355f6197511d952ba74bc75e40e0c3414"},
]

[[package]]
name = "wcwidth"
version = "0.2.6"
description = "Measures the displayed width of unicode strings in a terminal"
category = "main"
optional = false
python-versions = "*"
files = [
    {file = "wcwidth-0.2.6-py2.py3-none-any.whl", hash = "sha256:795b138f6875577cd91bba52baf9e445cd5118fd32723b460e30a0af30ea230e"},
    {file = "wcwidth-0.2.6.tar.gz", hash = "sha256:a5220780a404dbe3353789870978e472cfe477761f06ee55077256e509b156d0"},
]

[metadata]
lock-version = "2.0"
python-versions = "^3.10"
content-hash = "93d82b816af5d362b3090aedcc7327a695082a901a59587fff4750a9a862268d"
